github.com/RussellLuo/timingwheel v0.0.0-20201029015908-64de9d088c74 h1:kAsSVLB5MpjNyLoQ96YBqPaTHc870iNa99HQvLUQb/A=
github.com/RussellLuo/timingwheel v0.0.0-20201029015908-64de9d088c74/go.mod h1:3VIJp8oOAlnDUnPy3kwyBGqsMiJJujqTP6ic9Jv6NbM=
github.com/google/uuid v1.3.0 h1:t6JiXgmwXMjEs8VusXIJk2BXHsn+wx8BZdTaoZ5fu7I=
github.com/google/uuid v1.3.0/go.mod h1:TIyPZe4MgqvfeYDBFedMoGGpEw/LqOeaOT+nhxU+yHo=
